
Microsoft Visual Studio Solution File, Format Version 11.00
# Visual Studio 2010
Project("{FAE04EC0-301F-11D3-BF4B-00C04F79EFBC}") = "gCodeSL", "gCode SL\gCodeSL.csproj", "{26EE77B9-A89E-4C0D-8641-5CB1CC71DB68}"
EndProject
Global
	GlobalSection(SolutionConfigurationPlatforms) = preSolution
		Debug|Any CPU = Debug|Any CPU
		Release|Any CPU = Release|Any CPU
	EndGlobalSection
	GlobalSection(ProjectConfigurationPlatforms) = postSolution
		{26EE77B9-A89E-4C0D-8641-5CB1CC71DB68}.Debug|Any CPU.ActiveCfg = Debug|Any CPU
		{26EE77B9-A89E-4C0D-8641-5CB1CC71DB68}.Debug|Any CPU.Build.0 = Debug|Any CPU
		{26EE77B9-A89E-4C0D-8641-5CB1CC71DB68}.Release|Any CPU.ActiveCfg = Release|Any CPU
		{26EE77B9-A89E-4C0D-8641-5CB1CC71DB68}.Release|Any CPU.Build.0 = Release|Any CPU
	EndGlobalSection
	GlobalSection(SolutionProperties) = preSolution
		HideSolutionNode = FALSE
	EndGlobalSection
EndGlobal
